{
  "version": 4,
  "terraform_version": "1.1.9",
  "serial": 5,
  "lineage": "24811639-749b-88d0-d248-0c7d66e08b11",
  "outputs": {},
  "resources": [
    {
      "mode": "data",
      "type": "azurerm_kubernetes_service_versions",
      "name": "current",
      "provider": "provider[\"registry.terraform.io/hashicorp/azurerm\"]",
      "instances": [
        {
          "schema_version": 0,
          "attributes": {
            "id": "/subscriptions/990edd74-7ff9-4611-b206-e9a7aa20ca53/providers/Microsoft.ContainerService/locations/centralus/orchestrators",
            "include_preview": false,
            "latest_version": "1.23.5",
            "location": "centralus",
            "timeouts": null,
            "version_prefix": null,
            "versions": [
              "1.21.7",
              "1.21.9",
              "1.22.4",
              "1.22.6",
              "1.23.3",
              "1.23.5"
            ]
          },
          "sensitive_attributes": []
        }
      ]
    },
    {
      "mode": "managed",
      "type": "azuread_group",
      "name": "aks_administrators",
      "provider": "provider[\"registry.terraform.io/hashicorp/azuread\"]",
      "instances": [
        {
          "schema_version": 0,
          "attributes": {
            "description": "Azure AKS Kubernetes administrators for the myapp-rg-dev-cluster.",
            "display_name": "myapp-rg-dev-cluster-administrators",
            "id": "02e10aa2-2ae3-444f-a91e-88b81dda1183",
            "mail_enabled": false,
            "members": [],
            "name": "myapp-rg-dev-cluster-administrators",
            "object_id": "02e10aa2-2ae3-444f-a91e-88b81dda1183",
            "owners": [],
            "prevent_duplicate_names": false,
            "security_enabled": true
          },
          "sensitive_attributes": [],
          "private": "bnVsbA==",
          "dependencies": [
            "azurerm_resource_group.displayr_rg"
          ]
        }
      ]
    },
    {
      "mode": "managed",
      "type": "azurerm_kubernetes_cluster",
      "name": "aks_cluster",
      "provider": "provider[\"registry.terraform.io/hashicorp/azurerm\"]",
      "instances": []
    },
    {
      "mode": "managed",
      "type": "azurerm_log_analytics_workspace",
      "name": "insights",
      "provider": "provider[\"registry.terraform.io/hashicorp/azurerm\"]",
      "instances": [
        {
          "schema_version": 2,
          "attributes": {
            "daily_quota_gb": -1,
            "id": "/subscriptions/990edd74-7ff9-4611-b206-e9a7aa20ca53/resourceGroups/myapp-rg-dev/providers/Microsoft.OperationalInsights/workspaces/logs-tolerant-werewolf",
            "internet_ingestion_enabled": true,
            "internet_query_enabled": true,
            "location": "centralus",
            "name": "logs-tolerant-werewolf",
            "portal_url": "",
            "primary_shared_key": "xS0Pt794NEP8sMDr8Bmddx0T6DjOC2mBArcYws0VI+yzdF8rbilfVh9/XMG5vk8uDAOjvlEBbnA/jfBK5D1UQg==",
            "reservation_capacity_in_gb_per_day": null,
            "reservation_capcity_in_gb_per_day": null,
            "resource_group_name": "myapp-rg-dev",
            "retention_in_days": 30,
            "secondary_shared_key": "d2M1odU3CokVwY04p/LvSjSp2dJAGOUqzmJR0yqDhl/80PO9xCWLqZnqodwE4yGAn7JHkXmlwG7zdFzBLTilHg==",
            "sku": "PerGB2018",
            "tags": null,
            "timeouts": null,
            "workspace_id": "b3ab9be7-242f-4eac-a1c1-b221fa66a223"
          },
          "sensitive_attributes": [],
          "private": "eyJlMmJmYjczMC1lY2FhLTExZTYtOGY4OC0zNDM2M2JjN2M0YzAiOnsiY3JlYXRlIjoxODAwMDAwMDAwMDAwLCJkZWxldGUiOjE4MDAwMDAwMDAwMDAsInJlYWQiOjMwMDAwMDAwMDAwMCwidXBkYXRlIjoxODAwMDAwMDAwMDAwfSwic2NoZW1hX3ZlcnNpb24iOiIyIn0=",
          "dependencies": [
            "azurerm_resource_group.displayr_rg",
            "random_pet.aksrandom"
          ]
        }
      ]
    },
    {
      "mode": "managed",
      "type": "azurerm_resource_group",
      "name": "displayr_rg",
      "provider": "provider[\"registry.terraform.io/hashicorp/azurerm\"]",
      "instances": [
        {
          "schema_version": 0,
          "attributes": {
            "id": "/subscriptions/990edd74-7ff9-4611-b206-e9a7aa20ca53/resourceGroups/myapp-rg-dev",
            "location": "centralus",
            "name": "myapp-rg-dev",
            "tags": null,
            "timeouts": null
          },
          "sensitive_attributes": [],
          "private": "eyJlMmJmYjczMC1lY2FhLTExZTYtOGY4OC0zNDM2M2JjN2M0YzAiOnsiY3JlYXRlIjo1NDAwMDAwMDAwMDAwLCJkZWxldGUiOjU0MDAwMDAwMDAwMDAsInJlYWQiOjMwMDAwMDAwMDAwMCwidXBkYXRlIjo1NDAwMDAwMDAwMDAwfX0="
        }
      ]
    },
    {
      "mode": "managed",
      "type": "random_pet",
      "name": "aksrandom",
      "provider": "provider[\"registry.terraform.io/hashicorp/random\"]",
      "instances": [
        {
          "schema_version": 0,
          "attributes": {
            "id": "tolerant-werewolf",
            "keepers": null,
            "length": 2,
            "prefix": null,
            "separator": "-"
          },
          "sensitive_attributes": [],
          "private": "bnVsbA=="
        }
      ]
    }
  ]
}
